
Microsoft Visual Studio Solution File, Format Version 12.00
# Visual Studio Version 17
VisualStudioVersion = 17.5.002.0
MinimumVisualStudioVersion = 10.0.40219.1
Project("{9A19103F-16F7-4668-BE54-9A1E7A4F7556}") = "Nieuwe map", "Nieuwe map.csproj", "{37B91C96-A646-4CB8-9849-BC77A6889686}"
EndProject
Global
	GlobalSection(SolutionConfigurationPlatforms) = preSolution
		Debug|Any CPU = Debug|Any CPU
		Release|Any CPU = Release|Any CPU
	EndGlobalSection
	GlobalSection(ProjectConfigurationPlatforms) = postSolution
		{37B91C96-A646-4CB8-9849-BC77A6889686}.Debug|Any CPU.ActiveCfg = Debug|Any CPU
		{37B91C96-A646-4CB8-9849-BC77A6889686}.Debug|Any CPU.Build.0 = Debug|Any CPU
		{37B91C96-A646-4CB8-9849-BC77A6889686}.Release|Any CPU.ActiveCfg = Release|Any CPU
		{37B91C96-A646-4CB8-9849-BC77A6889686}.Release|Any CPU.Build.0 = Release|Any CPU
	EndGlobalSection
	GlobalSection(SolutionProperties) = preSolution
		HideSolutionNode = FALSE
	EndGlobalSection
	GlobalSection(ExtensibilityGlobals) = postSolution
		SolutionGuid = {3945717F-04C5-4D13-AC17-69ADCAE630DE}
	EndGlobalSection
EndGlobal
